
Microsoft Visual Studio Solution File, Format Version 12.00
# Visual Studio Version 17
VisualStudioVersion = 17.9.34701.34
MinimumVisualStudioVersion = 10.0.40219.1
Project("{FAE04EC0-301F-11D3-BF4B-00C04F79EFBC}") = "ShoppingCartApp", "ShoppingCartApp.csproj", "{437C9D7E-BB5C-40A6-9C56-1D86D99306DD}"
EndProject
Global
	GlobalSection(SolutionConfigurationPlatforms) = preSolution
		Debug|Any CPU = Debug|Any CPU
		Release|Any CPU = Release|Any CPU
	EndGlobalSection
	GlobalSection(ProjectConfigurationPlatforms) = postSolution
		{437C9D7E-BB5C-40A6-9C56-1D86D99306DD}.Debug|Any CPU.ActiveCfg = Debug|Any CPU
		{437C9D7E-BB5C-40A6-9C56-1D86D99306DD}.Debug|Any CPU.Build.0 = Debug|Any CPU
		{437C9D7E-BB5C-40A6-9C56-1D86D99306DD}.Release|Any CPU.ActiveCfg = Release|Any CPU
		{437C9D7E-BB5C-40A6-9C56-1D86D99306DD}.Release|Any CPU.Build.0 = Release|Any CPU
	EndGlobalSection
	GlobalSection(SolutionProperties) = preSolution
		HideSolutionNode = FALSE
	EndGlobalSection
	GlobalSection(ExtensibilityGlobals) = postSolution
		SolutionGuid = {E7EFE8AA-90BE-4EAB-AFBE-DD803755E9E2}
	EndGlobalSection
EndGlobal
